
Microsoft Visual Studio Solution File, Format Version 12.00
# Visual Studio Version 17
VisualStudioVersion = 17.2.32602.215
MinimumVisualStudioVersion = 10.0.40219.1
Project("{888888A0-9F3D-457C-B088-3A5042F75D52}") = "Led", "Led.pyproj", "{55792C4C-8DD0-459A-8ECC-B1F47893B91D}"
EndProject
Global
	GlobalSection(SolutionConfigurationPlatforms) = preSolution
		Debug|Any CPU = Debug|Any CPU
		Release|Any CPU = Release|Any CPU
	EndGlobalSection
	GlobalSection(ProjectConfigurationPlatforms) = postSolution
		{55792C4C-8DD0-459A-8ECC-B1F47893B91D}.Debug|Any CPU.ActiveCfg = Debug|Any CPU
		{55792C4C-8DD0-459A-8ECC-B1F47893B91D}.Release|Any CPU.ActiveCfg = Release|Any CPU
	EndGlobalSection
	GlobalSection(SolutionProperties) = preSolution
		HideSolutionNode = FALSE
	EndGlobalSection
	GlobalSection(ExtensibilityGlobals) = postSolution
		SolutionGuid = {E1975A01-7891-4EAC-B1D7-DAE4C5D86DAF}
	EndGlobalSection
EndGlobal
